// !$*UTF8*$!
{
	archiveVersion = 1;
	classes = {
	};
	objectVersion = 50;
	objects = {

/* Begin PBXBuildFile section */
		9619C34E23703BE70001BFD2 /* AppDelegate.swift in Sources */ = {isa = PBXBuildFile; fileRef = 9619C34D23703BE70001BFD2 /* AppDelegate.swift */; };
		9619C35023703BE70001BFD2 /* SceneDelegate.swift in Sources */ = {isa = PBXBuildFile; fileRef = 9619C34F23703BE70001BFD2 /* SceneDelegate.swift */; };
		9619C35223703BE70001BFD2 /* ViewController.swift in Sources */ = {isa = PBXBuildFile; fileRef = 9619C35123703BE70001BFD2 /* ViewController.swift */; };
		9619C35523703BE70001BFD2 /* Main.storyboard in Resources */ = {isa = PBXBuildFile; fileRef = 9619C35323703BE70001BFD2 /* Main.storyboard */; };
		9619C35723703BE90001BFD2 /* Assets.xcassets in Resources */ = {isa = PBXBuildFile; fileRef = 9619C35623703BE90001BFD2 /* Assets.xcassets */; };
		9619C35A23703BE90001BFD2 /* LaunchScreen.storyboard in Resources */ = {isa = PBXBuildFile; fileRef = 9619C35823703BE90001BFD2 /* LaunchScreen.storyboard */; };
		9619C36523703BE90001BFD2 /* ImageViewerTests.swift in Sources */ = {isa = PBXBuildFile; fileRef = 9619C36423703BE90001BFD2 /* ImageViewerTests.swift */; };
		9619C37023703BE90001BFD2 /* ImageViewerUITests.swift in Sources */ = {isa = PBXBuildFile; fileRef = 9619C36F23703BE90001BFD2 /* ImageViewerUITests.swift */; };
/* End PBXBuildFile section */

/* Begin PBXContainerItemProxy section */
		9619C36123703BE90001BFD2 /* PBXContainerItemProxy */ = {
			isa = PBXContainerItemProxy;
			containerPortal = 9619C34223703BE70001BFD2 /* Project object */;
			proxyType = 1;
			remoteGlobalIDString = 9619C34923703BE70001BFD2;
			remoteInfo = ImageViewer;
		};
		9619C36C23703BE90001BFD2 /* PBXContainerItemProxy */ = {
			isa = PBXContainerItemProxy;
			containerPortal = 9619C34223703BE70001BFD2 /* Project object */;
			proxyType = 1;
			remoteGlobalIDString = 9619C34923703BE70001BFD2;
			remoteInfo = ImageViewer;
		};
/* End PBXContainerItemProxy section */

/* Begin PBXFileReference section */
		9619C34A23703BE70001BFD2 /* ImageViewer.app */ = {isa = PBXFileReference; explicitFileType = wrapper.application; includeInIndex = 0; path = ImageViewer.app; sourceTree = BUILT_PRODUCTS_DIR; };
		9619C34D23703BE70001BFD2 /* AppDelegate.swift */ = {isa = PBXFileReference; lastKnownFileType = sourcecode.swift; path = AppDelegate.swift; sourceTree = "<group>"; };
		9619C34F23703BE70001BFD2 /* SceneDelegate.swift */ = {isa = PBXFileReference; lastKnownFileType = sourcecode.swift; path = SceneDelegate.swift; sourceTree = "<group>"; };
		9619C35123703BE70001BFD2 /* ViewController.swift */ = {isa = PBXFileReference; lastKnownFileType = sourcecode.swift; path = ViewController.swift; sourceTree = "<group>"; };
		9619C35423703BE70001BFD2 /* Base */ = {isa = PBXFileReference; lastKnownFileType = file.storyboard; name = Base; path = Base.lproj/Main.storyboard; sourceTree = "<group>"; };
		9619C35623703BE90001BFD2 /* Assets.xcassets */ = {isa = PBXFileReference; lastKnownFileType = folder.assetcatalog; path = Assets.xcassets; sourceTree = "<group>"; };
		9619C35923703BE90001BFD2 /* Base */ = {isa = PBXFileReference; lastKnownFileType = file.storyboard; name = Base; path = Base.lproj/LaunchScreen.storyboard; sourceTree = "<group>"; };
		9619C35B23703BE90001BFD2 /* Info.plist */ = {isa = PBXFileReference; lastKnownFileType = text.plist.xml; path = Info.plist; sourceTree = "<group>"; };
		9619C36023703BE90001BFD2 /* ImageViewerTests.xctest */ = {isa = PBXFileReference; explicitFileType = wrapper.cfbundle; includeInIndex = 0; path = ImageViewerTests.xctest; sourceTree = BUILT_PRODUCTS_DIR; };
		9619C36423703BE90001BFD2 /* ImageViewerTests.swift */ = {isa = PBXFileReference; lastKnownFileType = sourcecode.swift; path = ImageViewerTests.swift; sourceTree = "<group>"; };
		9619C36623703BE90001BFD2 /* Info.plist */ = {isa = PBXFileReference; lastKnownFileType = text.plist.xml; path = Info.plist; sourceTree = "<group>"; };
		9619C36B23703BE90001BFD2 /* ImageViewerUITests.xctest */ = {isa = PBXFileReference; explicitFileType = wrapper.cfbundle; includeInIndex = 0; path = ImageViewerUITests.xctest; sourceTree = BUILT_PRODUCTS_DIR; };
		9619C36F23703BE90001BFD2 /* ImageViewerUITests.swift */ = {isa = PBXFileReference; lastKnownFileType = sourcecode.swift; path = ImageViewerUITests.swift; sourceTree = "<group>"; };
		9619C37123703BE90001BFD2 /* Info.plist */ = {isa = PBXFileReference; lastKnownFileType = text.plist.xml; path = Info.plist; sourceTree = "<group>"; };
/* End PBXFileReference section */

/* Begin PBXFrameworksBuildPhase section */
		9619C34723703BE70001BFD2 /* Frameworks */ = {
			isa = PBXFrameworksBuildPhase;
			buildActionMask = 2147483647;
			files = (
			);
			runOnlyForDeploymentPostprocessing = 0;
		};
		9619C35D23703BE90001BFD2 /* Frameworks */ = {
			isa = PBXFrameworksBuildPhase;
			buildActionMask = 2147483647;
			files = (
			);
			runOnlyForDeploymentPostprocessing = 0;
		};
		9619C36823703BE90001BFD2 /* Frameworks */ = {
			isa = PBXFrameworksBuildPhase;
			buildActionMask = 2147483647;
			files = (
			);
			runOnlyForDeploymentPostprocessing = 0;
		};
/* End PBXFrameworksBuildPhase section */

/* Begin PBXGroup section */
		9619C34123703BE70001BFD2 = {
			isa = PBXGroup;
			children = (
				9619C34C23703BE70001BFD2 /* ImageViewer */,
				9619C36323703BE90001BFD2 /* ImageViewerTests */,
				9619C36E23703BE90001BFD2 /* ImageViewerUITests */,
				9619C34B23703BE70001BFD2 /* Products */,
			);
			sourceTree = "<group>";
		};
		9619C34B23703BE70001BFD2 /* Products */ = {
			isa = PBXGroup;
			children = (
				9619C34A23703BE70001BFD2 /* ImageViewer.app */,
				9619C36023703BE90001BFD2 /* ImageViewerTests.xctest */,
				9619C36B23703BE90001BFD2 /* ImageViewerUITests.xctest */,
			);
			name = Products;
			sourceTree = "<group>";
		};
		9619C34C23703BE70001BFD2 /* ImageViewer */ = {
			isa = PBXGroup;
			children = (
				9619C38123703E9D0001BFD2 /* ViewModel */,
				9619C38023703E960001BFD2 /* Model */,
				9619C37F23703E8D0001BFD2 /* Controller */,
				9619C37E23703E830001BFD2 /* Constants */,
				9619C37D23703E6F0001BFD2 /* API */,
				9619C34D23703BE70001BFD2 /* AppDelegate.swift */,
				9619C34F23703BE70001BFD2 /* SceneDelegate.swift */,
				9619C35123703BE70001BFD2 /* ViewController.swift */,
				9619C35323703BE70001BFD2 /* Main.storyboard */,
				9619C35623703BE90001BFD2 /* Assets.xcassets */,
				9619C35823703BE90001BFD2 /* LaunchScreen.storyboard */,
				9619C35B23703BE90001BFD2 /* Info.plist */,
			);
			path = ImageViewer;
			sourceTree = "<group>";
		};
		9619C36323703BE90001BFD2 /* ImageViewerTests */ = {
			isa = PBXGroup;
			children = (
				9619C36423703BE90001BFD2 /* ImageViewerTests.swift */,
				9619C36623703BE90001BFD2 /* Info.plist */,
			);
			path = ImageViewerTests;
			sourceTree = "<group>";
		};
		9619C36E23703BE90001BFD2 /* ImageViewerUITests */ = {
			isa = PBXGroup;
			children = (
				9619C36F23703BE90001BFD2 /* ImageViewerUITests.swift */,
				9619C37123703BE90001BFD2 /* Info.plist */,
			);
			path = ImageViewerUITests;
			sourceTree = "<group>";
		};
		9619C37D23703E6F0001BFD2 /* API */ = {
			isa = PBXGroup;
			children = (
			);
			path = API;
			sourceTree = "<group>";
		};
		9619C37E23703E830001BFD2 /* Constants */ = {
			isa = PBXGroup;
			children = (
			);
			path = Constants;
			sourceTree = "<group>";
		};
		9619C37F23703E8D0001BFD2 /* Controller */ = {
			isa = PBXGroup;
			children = (
			);
			path = Controller;
			sourceTree = "<group>";
		};
		9619C38023703E960001BFD2 /* Model */ = {
			isa = PBXGroup;
			children = (
			);
			path = Model;
			sourceTree = "<group>";
		};
		9619C38123703E9D0001BFD2 /* ViewModel */ = {
			isa = PBXGroup;
			children = (
			);
			path = ViewModel;
			sourceTree = "<group>";
		};
/* End PBXGroup section */

/* Begin PBXNativeTarget section */
		9619C34923703BE70001BFD2 /* ImageViewer */ = {
			isa = PBXNativeTarget;
			buildConfigurationList = 9619C37423703BE90001BFD2 /* Build configuration list for PBXNativeTarget "ImageViewer" */;
			buildPhases = (
				9619C34623703BE70001BFD2 /* Sources */,
				9619C34723703BE70001BFD2 /* Frameworks */,
				9619C34823703BE70001BFD2 /* Resources */,
			);
			buildRules = (
			);
			dependencies = (
			);
			name = ImageViewer;
			productName = ImageViewer;
			productReference = 9619C34A23703BE70001BFD2 /* ImageViewer.app */;
			productType = "com.apple.product-type.application";
		};
		9619C35F23703BE90001BFD2 /* ImageViewerTests */ = {
			isa = PBXNativeTarget;
			buildConfigurationList = 9619C37723703BE90001BFD2 /* Build configuration list for PBXNativeTarget "ImageViewerTests" */;
			buildPhases = (
				9619C35C23703BE90001BFD2 /* Sources */,
				9619C35D23703BE90001BFD2 /* Frameworks */,
				9619C35E23703BE90001BFD2 /* Resources */,
			);
			buildRules = (
			);
			dependencies = (
				9619C36223703BE90001BFD2 /* PBXTargetDependency */,
			);
			name = ImageViewerTests;
			productName = ImageViewerTests;
			productReference = 9619C36023703BE90001BFD2 /* ImageViewerTests.xctest */;
			productType = "com.apple.product-type.bundle.unit-test";
		};
		9619C36A23703BE90001BFD2 /* ImageViewerUITests */ = {
			isa = PBXNativeTarget;
			buildConfigurationList = 9619C37A23703BE90001BFD2 /* Build configuration list for PBXNativeTarget "ImageViewerUITests" */;
			buildPhases = (
				9619C36723703BE90001BFD2 /* Sources */,
				9619C36823703BE90001BFD2 /* Frameworks */,
				9619C36923703BE90001BFD2 /* Resources */,
			);
			buildRules = (
			);
			dependencies = (
				9619C36D23703BE90001BFD2 /* PBXTargetDependency */,
			);
			name = ImageViewerUITests;
			productName = ImageViewerUITests;
			productReference = 9619C36B23703BE90001BFD2 /* ImageViewerUITests.xctest */;
			productType = "com.apple.product-type.bundle.ui-testing";
		};
/* End PBXNativeTarget section */

/* Begin PBXProject section */
		9619C34223703BE70001BFD2 /* Project object */ = {
			isa = PBXProject;
			attributes = {
				LastSwiftUpdateCheck = 1110;
				LastUpgradeCheck = 1110;
				ORGANIZATIONNAME = Smithers;
				TargetAttributes = {
					9619C34923703BE70001BFD2 = {
						CreatedOnToolsVersion = 11.1;
					};
					9619C35F23703BE90001BFD2 = {
						CreatedOnToolsVersion = 11.1;
						TestTargetID = 9619C34923703BE70001BFD2;
					};
					9619C36A23703BE90001BFD2 = {
						CreatedOnToolsVersion = 11.1;
						TestTargetID = 9619C34923703BE70001BFD2;
					};
				};
			};
			buildConfigurationList = 9619C34523703BE70001BFD2 /* Build configuration list for PBXProject "ImageViewer" */;
			compatibilityVersion = "Xcode 9.3";
			developmentRegion = en;
			hasScannedForEncodings = 0;
			knownRegions = (
				en,
				Base,
			);
			mainGroup = 9619C34123703BE70001BFD2;
			productRefGroup = 9619C34B23703BE70001BFD2 /* Products */;
			projectDirPath = "";
			projectRoot = "";
			targets = (
				9619C34923703BE70001BFD2 /* ImageViewer */,
				9619C35F23703BE90001BFD2 /* ImageViewerTests */,
				9619C36A23703BE90001BFD2 /* ImageViewerUITests */,
			);
		};
/* End PBXProject section */

/* Begin PBXResourcesBuildPhase section */
		9619C34823703BE70001BFD2 /* Resources */ = {
			isa = PBXResourcesBuildPhase;
			buildActionMask = 2147483647;
			files = (
				9619C35A23703BE90001BFD2 /* LaunchScreen.storyboard in Resources */,
				9619C35723703BE90001BFD2 /* Assets.xcassets in Resources */,
				9619C35523703BE70001BFD2 /* Main.storyboard in Resources */,
			);
			runOnlyForDeploymentPostprocessing = 0;
		};
		9619C35E23703BE90001BFD2 /* Resources */ = {
			isa = PBXResourcesBuildPhase;
			buildActionMask = 2147483647;
			files = (
			);
			runOnlyForDeploymentPostprocessing = 0;
		};
		9619C36923703BE90001BFD2 /* Resources */ = {
			isa = PBXResourcesBuildPhase;
			buildActionMask = 2147483647;
			files = (
			);
			runOnlyForDeploymentPostprocessing = 0;
		};
/* End PBXResourcesBuildPhase section */

/* Begin PBXSourcesBuildPhase section */
		9619C34623703BE70001BFD2 /* Sources */ = {
			isa = PBXSourcesBuildPhase;
			buildActionMask = 2147483647;
			files = (
				9619C35223703BE70001BFD2 /* ViewController.swift in Sources */,
				9619C34E23703BE70001BFD2 /* AppDelegate.swift in Sources */,
				9619C35023703BE70001BFD2 /* SceneDelegate.swift in Sources */,
			);
			runOnlyForDeploymentPostprocessing = 0;
		};
		9619C35C23703BE90001BFD2 /* Sources */ = {
			isa = PBXSourcesBuildPhase;
			buildActionMask = 2147483647;
			files = (
				9619C36523703BE90001BFD2 /* ImageViewerTests.swift in Sources */,
			);
			runOnlyForDeploymentPostprocessing = 0;
		};
		9619C36723703BE90001BFD2 /* Sources */ = {
			isa = PBXSourcesBuildPhase;
			buildActionMask = 2147483647;
			files = (
				9619C37023703BE90001BFD2 /* ImageViewerUITests.swift in Sources */,
			);
			runOnlyForDeploymentPostprocessing = 0;
		};
/* End PBXSourcesBuildPhase section */

/* Begin PBXTargetDependency section */
		9619C36223703BE90001BFD2 /* PBXTargetDependency */ = {
			isa = PBXTargetDependency;
			target = 9619C34923703BE70001BFD2 /* ImageViewer */;
			targetProxy = 9619C36123703BE90001BFD2 /* PBXContainerItemProxy */;
		};
		9619C36D23703BE90001BFD2 /* PBXTargetDependency */ = {
			isa = PBXTargetDependency;
			target = 9619C34923703BE70001BFD2 /* ImageViewer */;
			targetProxy = 9619C36C23703BE90001BFD2 /* PBXContainerItemProxy */;
		};
/* End PBXTargetDependency section */

/* Begin PBXVariantGroup section */
		9619C35323703BE70001BFD2 /* Main.storyboard */ = {
			isa = PBXVariantGroup;
			children = (
				9619C35423703BE70001BFD2 /* Base */,
			);
			name = Main.storyboard;
			sourceTree = "<group>";
		};
		9619C35823703BE90001BFD2 /* LaunchScreen.storyboard */ = {
			isa = PBXVariantGroup;
			children = (
				9619C35923703BE90001BFD2 /* Base */,
			);
			name = LaunchScreen.storyboard;
			sourceTree = "<group>";
		};
/* End PBXVariantGroup section */

/* Begin XCBuildConfiguration section */
		9619C37223703BE90001BFD2 /* Debug */ = {
			isa = XCBuildConfiguration;
			buildSettings = {
				ALWAYS_SEARCH_USER_PATHS = NO;
				CLANG_ANALYZER_NONNULL = YES;
				CLANG_ANALYZER_NUMBER_OBJECT_CONVERSION = YES_AGGRESSIVE;
				CLANG_CXX_LANGUAGE_STANDARD = "gnu++14";
				CLANG_CXX_LIBRARY = "libc++";
				CLANG_ENABLE_MODULES = YES;
				CLANG_ENABLE_OBJC_ARC = YES;
				CLANG_ENABLE_OBJC_WEAK = YES;
				CLANG_WARN_BLOCK_CAPTURE_AUTORELEASING = YES;
				CLANG_WARN_BOOL_CONVERSION = YES;
				CLANG_WARN_COMMA = YES;
				CLANG_WARN_CONSTANT_CONVERSION = YES;
				CLANG_WARN_DEPRECATED_OBJC_IMPLEMENTATIONS = YES;
				CLANG_WARN_DIRECT_OBJC_ISA_USAGE = YES_ERROR;
				CLANG_WARN_DOCUMENTATION_COMMENTS = YES;
				CLANG_WARN_EMPTY_BODY = YES;
				CLANG_WARN_ENUM_CONVERSION = YES;
				CLANG_WARN_INFINITE_RECURSION = YES;
				CLANG_WARN_INT_CONVERSION = YES;
				CLANG_WARN_NON_LITERAL_NULL_CONVERSION = YES;
				CLANG_WARN_OBJC_IMPLICIT_RETAIN_SELF = YES;
				CLANG_WARN_OBJC_LITERAL_CONVERSION = YES;
				CLANG_WARN_OBJC_ROOT_CLASS = YES_ERROR;
				CLANG_WARN_RANGE_LOOP_ANALYSIS = YES;
				CLANG_WARN_STRICT_PROTOTYPES = YES;
				CLANG_WARN_SUSPICIOUS_MOVE = YES;
				CLANG_WARN_UNGUARDED_AVAILABILITY = YES_AGGRESSIVE;
				CLANG_WARN_UNREACHABLE_CODE = YES;
				CLANG_WARN__DUPLICATE_METHOD_MATCH = YES;
				COPY_PHASE_STRIP = NO;
				DEBUG_INFORMATION_FORMAT = dwarf;
				ENABLE_STRICT_OBJC_MSGSEND = YES;
				ENABLE_TESTABILITY = YES;
				GCC_C_LANGUAGE_STANDARD = gnu11;
				GCC_DYNAMIC_NO_PIC = NO;
				GCC_NO_COMMON_BLOCKS = YES;
				GCC_OPTIMIZATION_LEVEL = 0;
				GCC_PREPROCESSOR_DEFINITIONS = (
					"DEBUG=1",
					"$(inherited)",
				);
				GCC_WARN_64_TO_32_BIT_CONVERSION = YES;
				GCC_WARN_ABOUT_RETURN_TYPE = YES_ERROR;
				GCC_WARN_UNDECLARED_SELECTOR = YES;
				GCC_WARN_UNINITIALIZED_AUTOS = YES_AGGRESSIVE;
				GCC_WARN_UNUSED_FUNCTION = YES;
				GCC_WARN_UNUSED_VARIABLE = YES;
				IPHONEOS_DEPLOYMENT_TARGET = 13.1;
				MTL_ENABLE_DEBUG_INFO = INCLUDE_SOURCE;
				MTL_FAST_MATH = YES;
				ONLY_ACTIVE_ARCH = YES;
				SDKROOT = iphoneos;
				SWIFT_ACTIVE_COMPILATION_CONDITIONS = DEBUG;
				SWIFT_OPTIMIZATION_LEVEL = "-Onone";
			};
			name = Debug;
		};
		9619C37323703BE90001BFD2 /* Release */ = {
			isa = XCBuildConfiguration;
			buildSettings = {
				ALWAYS_SEARCH_USER_PATHS = NO;
				CLANG_ANALYZER_NONNULL = YES;
				CLANG_ANALYZER_NUMBER_OBJECT_CONVERSION = YES_AGGRESSIVE;
				CLANG_CXX_LANGUAGE_STANDARD = "gnu++14";
				CLANG_CXX_LIBRARY = "libc++";
				CLANG_ENABLE_MODULES = YES;
				CLANG_ENABLE_OBJC_ARC = YES;
				CLANG_ENABLE_OBJC_WEAK = YES;
				CLANG_WARN_BLOCK_CAPTURE_AUTORELEASING = YES;
				CLANG_WARN_BOOL_CONVERSION = YES;
				CLANG_WARN_COMMA = YES;
				CLANG_WARN_CONSTANT_CONVERSION = YES;
				CLANG_WARN_DEPRECATED_OBJC_IMPLEMENTATIONS = YES;
				CLANG_WARN_DIRECT_OBJC_ISA_USAGE = YES_ERROR;
				CLANG_WARN_DOCUMENTATION_COMMENTS = YES;
				CLANG_WARN_EMPTY_BODY = YES;
				CLANG_WARN_ENUM_CONVERSION = YES;
				CLANG_WARN_INFINITE_RECURSION = YES;
				CLANG_WARN_INT_CONVERSION = YES;
				CLANG_WARN_NON_LITERAL_NULL_CONVERSION = YES;
				CLANG_WARN_OBJC_IMPLICIT_RETAIN_SELF = YES;
				CLANG_WARN_OBJC_LITERAL_CONVERSION = YES;
				CLANG_WARN_OBJC_ROOT_CLASS = YES_ERROR;
				CLANG_WARN_RANGE_LOOP_ANALYSIS = YES;
				CLANG_WARN_STRICT_PROTOTYPES = YES;
				CLANG_WARN_SUSPICIOUS_MOVE = YES;
				CLANG_WARN_UNGUARDED_AVAILABILITY = YES_AGGRESSIVE;
				CLANG_WARN_UNREACHABLE_CODE = YES;
				CLANG_WARN__DUPLICATE_METHOD_MATCH = YES;
				COPY_PHASE_STRIP = NO;
				DEBUG_INFORMATION_FORMAT = "dwarf-with-dsym";
				ENABLE_NS_ASSERTIONS = NO;
				ENABLE_STRICT_OBJC_MSGSEND = YES;
				GCC_C_LANGUAGE_STANDARD = gnu11;
				GCC_NO_COMMON_BLOCKS = YES;
				GCC_WARN_64_TO_32_BIT_CONVERSION = YES;
				GCC_WARN_ABOUT_RETURN_TYPE = YES_ERROR;
				GCC_WARN_UNDECLARED_SELECTOR = YES;
				GCC_WARN_UNINITIALIZED_AUTOS = YES_AGGRESSIVE;
				GCC_WARN_UNUSED_FUNCTION = YES;
				GCC_WARN_UNUSED_VARIABLE = YES;
				IPHONEOS_DEPLOYMENT_TARGET = 13.1;
				MTL_ENABLE_DEBUG_INFO = NO;
				MTL_FAST_MATH = YES;
				SDKROOT = iphoneos;
				SWIFT_COMPILATION_MODE = wholemodule;
				SWIFT_OPTIMIZATION_LEVEL = "-O";
				VALIDATE_PRODUCT = YES;
			};
			name = Release;
		};
		9619C37523703BE90001BFD2 /* Debug */ = {
			isa = XCBuildConfiguration;
			buildSettings = {
				ASSETCATALOG_COMPILER_APPICON_NAME = AppIcon;
				CODE_SIGN_STYLE = Automatic;
				DEVELOPMENT_TEAM = 8R2R7DC8PP;
				INFOPLIST_FILE = ImageViewer/Info.plist;
				LD_RUNPATH_SEARCH_PATHS = (
					"$(inherited)",
					"@executable_path/Frameworks",
				);
				PRODUCT_BUNDLE_IDENTIFIER = net.bulamu.ImageViewer;
				PRODUCT_NAME = "$(TARGET_NAME)";
				SWIFT_VERSION = 5.0;
				TARGETED_DEVICE_FAMILY = "1,2";
			};
			name = Debug;
		};
		9619C37623703BE90001BFD2 /* Release */ = {
			isa = XCBuildConfiguration;
			buildSettings = {
				ASSETCATALOG_COMPILER_APPICON_NAME = AppIcon;
				CODE_SIGN_STYLE = Automatic;
				DEVELOPMENT_TEAM = 8R2R7DC8PP;
				INFOPLIST_FILE = ImageViewer/Info.plist;
				LD_RUNPATH_SEARCH_PATHS = (
					"$(inherited)",
					"@executable_path/Frameworks",
				);
				PRODUCT_BUNDLE_IDENTIFIER = net.bulamu.ImageViewer;
				PRODUCT_NAME = "$(TARGET_NAME)";
				SWIFT_VERSION = 5.0;
				TARGETED_DEVICE_FAMILY = "1,2";
			};
			name = Release;
		};
		9619C37823703BE90001BFD2 /* Debug */ = {
			isa = XCBuildConfiguration;
			buildSettings = {
				ALWAYS_EMBED_SWIFT_STANDARD_LIBRARIES = YES;
				BUNDLE_LOADER = "$(TEST_HOST)";
				CODE_SIGN_STYLE = Automatic;
				DEVELOPMENT_TEAM = 8R2R7DC8PP;
				INFOPLIST_FILE = ImageViewerTests/Info.plist;
				IPHONEOS_DEPLOYMENT_TARGET = 13.1;
				LD_RUNPATH_SEARCH_PATHS = (
					"$(inherited)",
					"@executable_path/Frameworks",
					"@loader_path/Frameworks",
				);
				PRODUCT_BUNDLE_IDENTIFIER = net.bulamu.ImageViewerTests;
				PRODUCT_NAME = "$(TARGET_NAME)";
				SWIFT_VERSION = 5.0;
				TARGETED_DEVICE_FAMILY = "1,2";
				TEST_HOST = "$(BUILT_PRODUCTS_DIR)/ImageViewer.app/ImageViewer";
			};
			name = Debug;
		};
		9619C37923703BE90001BFD2 /* Release */ = {
			isa = XCBuildConfiguration;
			buildSettings = {
				ALWAYS_EMBED_SWIFT_STANDARD_LIBRARIES = YES;
				BUNDLE_LOADER = "$(TEST_HOST)";
				CODE_SIGN_STYLE = Automatic;
				DEVELOPMENT_TEAM = 8R2R7DC8PP;
				INFOPLIST_FILE = ImageViewerTests/Info.plist;
				IPHONEOS_DEPLOYMENT_TARGET = 13.1;
				LD_RUNPATH_SEARCH_PATHS = (
					"$(inherited)",
					"@executable_path/Frameworks",
					"@loader_path/Frameworks",
				);
				PRODUCT_BUNDLE_IDENTIFIER = net.bulamu.ImageViewerTests;
				PRODUCT_NAME = "$(TARGET_NAME)";
				SWIFT_VERSION = 5.0;
				TARGETED_DEVICE_FAMILY = "1,2";
				TEST_HOST = "$(BUILT_PRODUCTS_DIR)/ImageViewer.app/ImageViewer";
			};
			name = Release;
		};
		9619C37B23703BE90001BFD2 /* Debug */ = {
			isa = XCBuildConfiguration;
			buildSettings = {
				ALWAYS_EMBED_SWIFT_STANDARD_LIBRARIES = YES;
				CODE_SIGN_STYLE = Automatic;
				DEVELOPMENT_TEAM = 8R2R7DC8PP;
				INFOPLIST_FILE = ImageViewerUITests/Info.plist;
				LD_RUNPATH_SEARCH_PATHS = (
					"$(inherited)",
					"@executable_path/Frameworks",
					"@loader_path/Frameworks",
				);
				PRODUCT_BUNDLE_IDENTIFIER = net.bulamu.ImageViewerUITests;
				PRODUCT_NAME = "$(TARGET_NAME)";
				SWIFT_VERSION = 5.0;
				TARGETED_DEVICE_FAMILY = "1,2";
				TEST_TARGET_NAME = ImageViewer;
			};
			name = Debug;
		};
		9619C37C23703BE90001BFD2 /* Release */ = {
			isa = XCBuildConfiguration;
			buildSettings = {
				ALWAYS_EMBED_SWIFT_STANDARD_LIBRARIES = YES;
				CODE_SIGN_STYLE = Automatic;
				DEVELOPMENT_TEAM = 8R2R7DC8PP;
				INFOPLIST_FILE = ImageViewerUITests/Info.plist;
				LD_RUNPATH_SEARCH_PATHS = (
					"$(inherited)",
					"@executable_path/Frameworks",
					"@loader_path/Frameworks",
				);
				PRODUCT_BUNDLE_IDENTIFIER = net.bulamu.ImageViewerUITests;
				PRODUCT_NAME = "$(TARGET_NAME)";
				SWIFT_VERSION = 5.0;
				TARGETED_DEVICE_FAMILY = "1,2";
				TEST_TARGET_NAME = ImageViewer;
			};
			name = Release;
		};
/* End XCBuildConfiguration section */

/* Begin XCConfigurationList section */
		9619C34523703BE70001BFD2 /* Build configuration list for PBXProject "ImageViewer" */ = {
			isa = XCConfigurationList;
			buildConfigurations = (
				9619C37223703BE90001BFD2 /* Debug */,
				9619C37323703BE90001BFD2 /* Release */,
			);
			defaultConfigurationIsVisible = 0;
			defaultConfigurationName = Release;
		};
		9619C37423703BE90001BFD2 /* Build configuration list for PBXNativeTarget "ImageViewer" */ = {
			isa = XCConfigurationList;
			buildConfigurations = (
				9619C37523703BE90001BFD2 /* Debug */,
				9619C37623703BE90001BFD2 /* Release */,
			);
			defaultConfigurationIsVisible = 0;
			defaultConfigurationName = Release;
		};
		9619C37723703BE90001BFD2 /* Build configuration list for PBXNativeTarget "ImageViewerTests" */ = {
			isa = XCConfigurationList;
			buildConfigurations = (
				9619C37823703BE90001BFD2 /* Debug */,
				9619C37923703BE90001BFD2 /* Release */,
			);
			defaultConfigurationIsVisible = 0;
			defaultConfigurationName = Release;
		};
		9619C37A23703BE90001BFD2 /* Build configuration list for PBXNativeTarget "ImageViewerUITests" */ = {
			isa = XCConfigurationList;
			buildConfigurations = (
				9619C37B23703BE90001BFD2 /* Debug */,
				9619C37C23703BE90001BFD2 /* Release */,
			);
			defaultConfigurationIsVisible = 0;
			defaultConfigurationName = Release;
		};
/* End XCConfigurationList section */
	};
	rootObject = 9619C34223703BE70001BFD2 /* Project object */;
}
