// !$*UTF8*$!
{
	archiveVersion = 1;
	classes = {
	};
	objectVersion = 51;
	objects = {

/* Begin PBXBuildFile section */
		2701E9628124476C213CA0B5 /* Pods_ImageViewer_ImageViewerUITests.framework in Frameworks */ = {isa = PBXBuildFile; fileRef = 038CA19A8F0DCEBA3ED21A76 /* Pods_ImageViewer_ImageViewerUITests.framework */; };
		9619C34E23703BE70001BFD2 /* AppDelegate.swift in Sources */ = {isa = PBXBuildFile; fileRef = 9619C34D23703BE70001BFD2 /* AppDelegate.swift */; };
		9619C35023703BE70001BFD2 /* SceneDelegate.swift in Sources */ = {isa = PBXBuildFile; fileRef = 9619C34F23703BE70001BFD2 /* SceneDelegate.swift */; };
		9619C35723703BE90001BFD2 /* Assets.xcassets in Resources */ = {isa = PBXBuildFile; fileRef = 9619C35623703BE90001BFD2 /* Assets.xcassets */; };
		9619C35A23703BE90001BFD2 /* LaunchScreen.storyboard in Resources */ = {isa = PBXBuildFile; fileRef = 9619C35823703BE90001BFD2 /* LaunchScreen.storyboard */; };
		9619C36523703BE90001BFD2 /* ImageViewerTests.swift in Sources */ = {isa = PBXBuildFile; fileRef = 9619C36423703BE90001BFD2 /* ImageViewerTests.swift */; };
		9619C37023703BE90001BFD2 /* ImageViewerUITests.swift in Sources */ = {isa = PBXBuildFile; fileRef = 9619C36F23703BE90001BFD2 /* ImageViewerUITests.swift */; };
		966C2B122370478D009BBE65 /* Extensions.swift in Sources */ = {isa = PBXBuildFile; fileRef = 966C2B112370478D009BBE65 /* Extensions.swift */; };
		966C2B1423704AB0009BBE65 /* MainCollectionViewController.swift in Sources */ = {isa = PBXBuildFile; fileRef = 966C2B1323704AB0009BBE65 /* MainCollectionViewController.swift */; };
		C006E6EF66E3852D41886DA5 /* Pods_ImageViewer.framework in Frameworks */ = {isa = PBXBuildFile; fileRef = 3767002D461DB71911EEDFC8 /* Pods_ImageViewer.framework */; };
		C5EF1AEBBBB520E3E411F351 /* Pods_ImageViewerTests.framework in Frameworks */ = {isa = PBXBuildFile; fileRef = CAB55A209CC7C9F3BD125EE8 /* Pods_ImageViewerTests.framework */; };
/* End PBXBuildFile section */

/* Begin PBXContainerItemProxy section */
		9619C36123703BE90001BFD2 /* PBXContainerItemProxy */ = {
			isa = PBXContainerItemProxy;
			containerPortal = 9619C34223703BE70001BFD2 /* Project object */;
			proxyType = 1;
			remoteGlobalIDString = 9619C34923703BE70001BFD2;
			remoteInfo = ImageViewer;
		};
		9619C36C23703BE90001BFD2 /* PBXContainerItemProxy */ = {
			isa = PBXContainerItemProxy;
			containerPortal = 9619C34223703BE70001BFD2 /* Project object */;
			proxyType = 1;
			remoteGlobalIDString = 9619C34923703BE70001BFD2;
			remoteInfo = ImageViewer;
		};
/* End PBXContainerItemProxy section */

/* Begin PBXFileReference section */
		038CA19A8F0DCEBA3ED21A76 /* Pods_ImageViewer_ImageViewerUITests.framework */ = {isa = PBXFileReference; explicitFileType = wrapper.framework; includeInIndex = 0; path = Pods_ImageViewer_ImageViewerUITests.framework; sourceTree = BUILT_PRODUCTS_DIR; };
		0BE459D8D2A1E6968405266B /* Pods-ImageViewerTests.debug.xcconfig */ = {isa = PBXFileReference; includeInIndex = 1; lastKnownFileType = text.xcconfig; name = "Pods-ImageViewerTests.debug.xcconfig"; path = "Target Support Files/Pods-ImageViewerTests/Pods-ImageViewerTests.debug.xcconfig"; sourceTree = "<group>"; };
		0CB076CAEA7CC3104CFEAE81 /* Pods-ImageViewerTests.release.xcconfig */ = {isa = PBXFileReference; includeInIndex = 1; lastKnownFileType = text.xcconfig; name = "Pods-ImageViewerTests.release.xcconfig"; path = "Target Support Files/Pods-ImageViewerTests/Pods-ImageViewerTests.release.xcconfig"; sourceTree = "<group>"; };
		2F3A05CB24B04EAFDEEF151F /* Pods-ImageViewer-ImageViewerUITests.release.xcconfig */ = {isa = PBXFileReference; includeInIndex = 1; lastKnownFileType = text.xcconfig; name = "Pods-ImageViewer-ImageViewerUITests.release.xcconfig"; path = "Target Support Files/Pods-ImageViewer-ImageViewerUITests/Pods-ImageViewer-ImageViewerUITests.release.xcconfig"; sourceTree = "<group>"; };
		34949B1BB281689ECBD4486B /* Pods-ImageViewer-ImageViewerUITests.debug.xcconfig */ = {isa = PBXFileReference; includeInIndex = 1; lastKnownFileType = text.xcconfig; name = "Pods-ImageViewer-ImageViewerUITests.debug.xcconfig"; path = "Target Support Files/Pods-ImageViewer-ImageViewerUITests/Pods-ImageViewer-ImageViewerUITests.debug.xcconfig"; sourceTree = "<group>"; };
		3767002D461DB71911EEDFC8 /* Pods_ImageViewer.framework */ = {isa = PBXFileReference; explicitFileType = wrapper.framework; includeInIndex = 0; path = Pods_ImageViewer.framework; sourceTree = BUILT_PRODUCTS_DIR; };
		531C261BB1C13A53B91289A0 /* Pods-ImageViewer.release.xcconfig */ = {isa = PBXFileReference; includeInIndex = 1; lastKnownFileType = text.xcconfig; name = "Pods-ImageViewer.release.xcconfig"; path = "Target Support Files/Pods-ImageViewer/Pods-ImageViewer.release.xcconfig"; sourceTree = "<group>"; };
		9619C34A23703BE70001BFD2 /* ImageViewer.app */ = {isa = PBXFileReference; explicitFileType = wrapper.application; includeInIndex = 0; path = ImageViewer.app; sourceTree = BUILT_PRODUCTS_DIR; };
		9619C34D23703BE70001BFD2 /* AppDelegate.swift */ = {isa = PBXFileReference; lastKnownFileType = sourcecode.swift; path = AppDelegate.swift; sourceTree = "<group>"; };
		9619C34F23703BE70001BFD2 /* SceneDelegate.swift */ = {isa = PBXFileReference; lastKnownFileType = sourcecode.swift; path = SceneDelegate.swift; sourceTree = "<group>"; };
		9619C35623703BE90001BFD2 /* Assets.xcassets */ = {isa = PBXFileReference; lastKnownFileType = folder.assetcatalog; path = Assets.xcassets; sourceTree = "<group>"; };
		9619C35923703BE90001BFD2 /* Base */ = {isa = PBXFileReference; lastKnownFileType = file.storyboard; name = Base; path = Base.lproj/LaunchScreen.storyboard; sourceTree = "<group>"; };
		9619C35B23703BE90001BFD2 /* Info.plist */ = {isa = PBXFileReference; lastKnownFileType = text.plist.xml; path = Info.plist; sourceTree = "<group>"; };
		9619C36023703BE90001BFD2 /* ImageViewerTests.xctest */ = {isa = PBXFileReference; explicitFileType = wrapper.cfbundle; includeInIndex = 0; path = ImageViewerTests.xctest; sourceTree = BUILT_PRODUCTS_DIR; };
		9619C36423703BE90001BFD2 /* ImageViewerTests.swift */ = {isa = PBXFileReference; lastKnownFileType = sourcecode.swift; path = ImageViewerTests.swift; sourceTree = "<group>"; };
		9619C36623703BE90001BFD2 /* Info.plist */ = {isa = PBXFileReference; lastKnownFileType = text.plist.xml; path = Info.plist; sourceTree = "<group>"; };
		9619C36B23703BE90001BFD2 /* ImageViewerUITests.xctest */ = {isa = PBXFileReference; explicitFileType = wrapper.cfbundle; includeInIndex = 0; path = ImageViewerUITests.xctest; sourceTree = BUILT_PRODUCTS_DIR; };
		9619C36F23703BE90001BFD2 /* ImageViewerUITests.swift */ = {isa = PBXFileReference; lastKnownFileType = sourcecode.swift; path = ImageViewerUITests.swift; sourceTree = "<group>"; };
		9619C37123703BE90001BFD2 /* Info.plist */ = {isa = PBXFileReference; lastKnownFileType = text.plist.xml; path = Info.plist; sourceTree = "<group>"; };
		966C2B112370478D009BBE65 /* Extensions.swift */ = {isa = PBXFileReference; lastKnownFileType = sourcecode.swift; path = Extensions.swift; sourceTree = "<group>"; };
		966C2B1323704AB0009BBE65 /* MainCollectionViewController.swift */ = {isa = PBXFileReference; lastKnownFileType = sourcecode.swift; path = MainCollectionViewController.swift; sourceTree = "<group>"; };
		CAB55A209CC7C9F3BD125EE8 /* Pods_ImageViewerTests.framework */ = {isa = PBXFileReference; explicitFileType = wrapper.framework; includeInIndex = 0; path = Pods_ImageViewerTests.framework; sourceTree = BUILT_PRODUCTS_DIR; };
		DB6149F45691F3945ED8AE48 /* Pods-ImageViewer.debug.xcconfig */ = {isa = PBXFileReference; includeInIndex = 1; lastKnownFileType = text.xcconfig; name = "Pods-ImageViewer.debug.xcconfig"; path = "Target Support Files/Pods-ImageViewer/Pods-ImageViewer.debug.xcconfig"; sourceTree = "<group>"; };
/* End PBXFileReference section */

/* Begin PBXFrameworksBuildPhase section */
		9619C34723703BE70001BFD2 /* Frameworks */ = {
			isa = PBXFrameworksBuildPhase;
			buildActionMask = 2147483647;
			files = (
				C006E6EF66E3852D41886DA5 /* Pods_ImageViewer.framework in Frameworks */,
			);
			runOnlyForDeploymentPostprocessing = 0;
		};
		9619C35D23703BE90001BFD2 /* Frameworks */ = {
			isa = PBXFrameworksBuildPhase;
			buildActionMask = 2147483647;
			files = (
				C5EF1AEBBBB520E3E411F351 /* Pods_ImageViewerTests.framework in Frameworks */,
			);
			runOnlyForDeploymentPostprocessing = 0;
		};
		9619C36823703BE90001BFD2 /* Frameworks */ = {
			isa = PBXFrameworksBuildPhase;
			buildActionMask = 2147483647;
			files = (
				2701E9628124476C213CA0B5 /* Pods_ImageViewer_ImageViewerUITests.framework in Frameworks */,
			);
			runOnlyForDeploymentPostprocessing = 0;
		};
/* End PBXFrameworksBuildPhase section */

/* Begin PBXGroup section */
		3F7D49631C8999FF76BD1EF7 /* Pods */ = {
			isa = PBXGroup;
			children = (
				DB6149F45691F3945ED8AE48 /* Pods-ImageViewer.debug.xcconfig */,
				531C261BB1C13A53B91289A0 /* Pods-ImageViewer.release.xcconfig */,
				34949B1BB281689ECBD4486B /* Pods-ImageViewer-ImageViewerUITests.debug.xcconfig */,
				2F3A05CB24B04EAFDEEF151F /* Pods-ImageViewer-ImageViewerUITests.release.xcconfig */,
				0BE459D8D2A1E6968405266B /* Pods-ImageViewerTests.debug.xcconfig */,
				0CB076CAEA7CC3104CFEAE81 /* Pods-ImageViewerTests.release.xcconfig */,
			);
			path = Pods;
			sourceTree = "<group>";
		};
		9619C34123703BE70001BFD2 = {
			isa = PBXGroup;
			children = (
				9619C34C23703BE70001BFD2 /* ImageViewer */,
				9619C36323703BE90001BFD2 /* ImageViewerTests */,
				9619C36E23703BE90001BFD2 /* ImageViewerUITests */,
				9619C34B23703BE70001BFD2 /* Products */,
				3F7D49631C8999FF76BD1EF7 /* Pods */,
				9D07D3B119F69F56BCD8764B /* Frameworks */,
			);
			sourceTree = "<group>";
		};
		9619C34B23703BE70001BFD2 /* Products */ = {
			isa = PBXGroup;
			children = (
				9619C34A23703BE70001BFD2 /* ImageViewer.app */,
				9619C36023703BE90001BFD2 /* ImageViewerTests.xctest */,
				9619C36B23703BE90001BFD2 /* ImageViewerUITests.xctest */,
			);
			name = Products;
			sourceTree = "<group>";
		};
		9619C34C23703BE70001BFD2 /* ImageViewer */ = {
			isa = PBXGroup;
			children = (
				966C2B1023704778009BBE65 /* Extensions */,
				9619C38123703E9D0001BFD2 /* ViewModel */,
				9619C38023703E960001BFD2 /* Model */,
				9619C37F23703E8D0001BFD2 /* Controller */,
				9619C37E23703E830001BFD2 /* Constants */,
				9619C37D23703E6F0001BFD2 /* API */,
				9619C34D23703BE70001BFD2 /* AppDelegate.swift */,
				9619C34F23703BE70001BFD2 /* SceneDelegate.swift */,
				9619C35623703BE90001BFD2 /* Assets.xcassets */,
				9619C35823703BE90001BFD2 /* LaunchScreen.storyboard */,
				9619C35B23703BE90001BFD2 /* Info.plist */,
			);
			path = ImageViewer;
			sourceTree = "<group>";
		};
		9619C36323703BE90001BFD2 /* ImageViewerTests */ = {
			isa = PBXGroup;
			children = (
				9619C36423703BE90001BFD2 /* ImageViewerTests.swift */,
				9619C36623703BE90001BFD2 /* Info.plist */,
			);
			path = ImageViewerTests;
			sourceTree = "<group>";
		};
		9619C36E23703BE90001BFD2 /* ImageViewerUITests */ = {
			isa = PBXGroup;
			children = (
				9619C36F23703BE90001BFD2 /* ImageViewerUITests.swift */,
				9619C37123703BE90001BFD2 /* Info.plist */,
			);
			path = ImageViewerUITests;
			sourceTree = "<group>";
		};
		9619C37D23703E6F0001BFD2 /* API */ = {
			isa = PBXGroup;
			children = (
			);
			path = API;
			sourceTree = "<group>";
		};
		9619C37E23703E830001BFD2 /* Constants */ = {
			isa = PBXGroup;
			children = (
			);
			path = Constants;
			sourceTree = "<group>";
		};
		9619C37F23703E8D0001BFD2 /* Controller */ = {
			isa = PBXGroup;
			children = (
				966C2B1323704AB0009BBE65 /* MainCollectionViewController.swift */,
			);
			path = Controller;
			sourceTree = "<group>";
		};
		9619C38023703E960001BFD2 /* Model */ = {
			isa = PBXGroup;
			children = (
			);
			path = Model;
			sourceTree = "<group>";
		};
		9619C38123703E9D0001BFD2 /* ViewModel */ = {
			isa = PBXGroup;
			children = (
			);
			path = ViewModel;
			sourceTree = "<group>";
		};
		966C2B1023704778009BBE65 /* Extensions */ = {
			isa = PBXGroup;
			children = (
				966C2B112370478D009BBE65 /* Extensions.swift */,
			);
			path = Extensions;
			sourceTree = "<group>";
		};
		9D07D3B119F69F56BCD8764B /* Frameworks */ = {
			isa = PBXGroup;
			children = (
				3767002D461DB71911EEDFC8 /* Pods_ImageViewer.framework */,
				038CA19A8F0DCEBA3ED21A76 /* Pods_ImageViewer_ImageViewerUITests.framework */,
				CAB55A209CC7C9F3BD125EE8 /* Pods_ImageViewerTests.framework */,
			);
			name = Frameworks;
			sourceTree = "<group>";
		};
/* End PBXGroup section */

/* Begin PBXNativeTarget section */
		9619C34923703BE70001BFD2 /* ImageViewer */ = {
			isa = PBXNativeTarget;
			buildConfigurationList = 9619C37423703BE90001BFD2 /* Build configuration list for PBXNativeTarget "ImageViewer" */;
			buildPhases = (
				CC003B6814CE78A8918EC65B /* [CP] Check Pods Manifest.lock */,
				9619C34623703BE70001BFD2 /* Sources */,
				9619C34723703BE70001BFD2 /* Frameworks */,
				9619C34823703BE70001BFD2 /* Resources */,
				0A59037B1DA0DA40A6EBC353 /* [CP] Embed Pods Frameworks */,
			);
			buildRules = (
			);
			dependencies = (
			);
			name = ImageViewer;
			productName = ImageViewer;
			productReference = 9619C34A23703BE70001BFD2 /* ImageViewer.app */;
			productType = "com.apple.product-type.application";
		};
		9619C35F23703BE90001BFD2 /* ImageViewerTests */ = {
			isa = PBXNativeTarget;
			buildConfigurationList = 9619C37723703BE90001BFD2 /* Build configuration list for PBXNativeTarget "ImageViewerTests" */;
			buildPhases = (
				629FF3F9256E0F9053F1D5C3 /* [CP] Check Pods Manifest.lock */,
				9619C35C23703BE90001BFD2 /* Sources */,
				9619C35D23703BE90001BFD2 /* Frameworks */,
				9619C35E23703BE90001BFD2 /* Resources */,
				7755A4F6A33712C9F06A9519 /* [CP] Embed Pods Frameworks */,
			);
			buildRules = (
			);
			dependencies = (
				9619C36223703BE90001BFD2 /* PBXTargetDependency */,
			);
			name = ImageViewerTests;
			productName = ImageViewerTests;
			productReference = 9619C36023703BE90001BFD2 /* ImageViewerTests.xctest */;
			productType = "com.apple.product-type.bundle.unit-test";
		};
		9619C36A23703BE90001BFD2 /* ImageViewerUITests */ = {
			isa = PBXNativeTarget;
			buildConfigurationList = 9619C37A23703BE90001BFD2 /* Build configuration list for PBXNativeTarget "ImageViewerUITests" */;
			buildPhases = (
				8EE856523CA551E9071F2295 /* [CP] Check Pods Manifest.lock */,
				9619C36723703BE90001BFD2 /* Sources */,
				9619C36823703BE90001BFD2 /* Frameworks */,
				9619C36923703BE90001BFD2 /* Resources */,
				EA1EF02958B682B521DB45E4 /* [CP] Embed Pods Frameworks */,
			);
			buildRules = (
			);
			dependencies = (
				9619C36D23703BE90001BFD2 /* PBXTargetDependency */,
			);
			name = ImageViewerUITests;
			productName = ImageViewerUITests;
			productReference = 9619C36B23703BE90001BFD2 /* ImageViewerUITests.xctest */;
			productType = "com.apple.product-type.bundle.ui-testing";
		};
/* End PBXNativeTarget section */

/* Begin PBXProject section */
		9619C34223703BE70001BFD2 /* Project object */ = {
			isa = PBXProject;
			attributes = {
				LastSwiftUpdateCheck = 1110;
				LastUpgradeCheck = 1110;
				ORGANIZATIONNAME = Smithers;
				TargetAttributes = {
					9619C34923703BE70001BFD2 = {
						CreatedOnToolsVersion = 11.1;
					};
					9619C35F23703BE90001BFD2 = {
						CreatedOnToolsVersion = 11.1;
						TestTargetID = 9619C34923703BE70001BFD2;
					};
					9619C36A23703BE90001BFD2 = {
						CreatedOnToolsVersion = 11.1;
						TestTargetID = 9619C34923703BE70001BFD2;
					};
				};
			};
			buildConfigurationList = 9619C34523703BE70001BFD2 /* Build configuration list for PBXProject "ImageViewer" */;
			compatibilityVersion = "Xcode 9.3";
			developmentRegion = en;
			hasScannedForEncodings = 0;
			knownRegions = (
				en,
				Base,
			);
			mainGroup = 9619C34123703BE70001BFD2;
			productRefGroup = 9619C34B23703BE70001BFD2 /* Products */;
			projectDirPath = "";
			projectRoot = "";
			targets = (
				9619C34923703BE70001BFD2 /* ImageViewer */,
				9619C35F23703BE90001BFD2 /* ImageViewerTests */,
				9619C36A23703BE90001BFD2 /* ImageViewerUITests */,
			);
		};
/* End PBXProject section */

/* Begin PBXResourcesBuildPhase section */
		9619C34823703BE70001BFD2 /* Resources */ = {
			isa = PBXResourcesBuildPhase;
			buildActionMask = 2147483647;
			files = (
				9619C35A23703BE90001BFD2 /* LaunchScreen.storyboard in Resources */,
				9619C35723703BE90001BFD2 /* Assets.xcassets in Resources */,
			);
			runOnlyForDeploymentPostprocessing = 0;
		};
		9619C35E23703BE90001BFD2 /* Resources */ = {
			isa = PBXResourcesBuildPhase;
			buildActionMask = 2147483647;
			files = (
			);
			runOnlyForDeploymentPostprocessing = 0;
		};
		9619C36923703BE90001BFD2 /* Resources */ = {
			isa = PBXResourcesBuildPhase;
			buildActionMask = 2147483647;
			files = (
			);
			runOnlyForDeploymentPostprocessing = 0;
		};
/* End PBXResourcesBuildPhase section */

/* Begin PBXShellScriptBuildPhase section */
		0A59037B1DA0DA40A6EBC353 /* [CP] Embed Pods Frameworks */ = {
			isa = PBXShellScriptBuildPhase;
			buildActionMask = 2147483647;
			files = (
			);
			inputFileListPaths = (
				"${PODS_ROOT}/Target Support Files/Pods-ImageViewer/Pods-ImageViewer-frameworks-${CONFIGURATION}-input-files.xcfilelist",
			);
			name = "[CP] Embed Pods Frameworks";
			outputFileListPaths = (
				"${PODS_ROOT}/Target Support Files/Pods-ImageViewer/Pods-ImageViewer-frameworks-${CONFIGURATION}-output-files.xcfilelist",
			);
			runOnlyForDeploymentPostprocessing = 0;
			shellPath = /bin/sh;
			shellScript = "\"${PODS_ROOT}/Target Support Files/Pods-ImageViewer/Pods-ImageViewer-frameworks.sh\"\n";
			showEnvVarsInLog = 0;
		};
		629FF3F9256E0F9053F1D5C3 /* [CP] Check Pods Manifest.lock */ = {
			isa = PBXShellScriptBuildPhase;
			buildActionMask = 2147483647;
			files = (
			);
			inputFileListPaths = (
			);
			inputPaths = (
				"${PODS_PODFILE_DIR_PATH}/Podfile.lock",
				"${PODS_ROOT}/Manifest.lock",
			);
			name = "[CP] Check Pods Manifest.lock";
			outputFileListPaths = (
			);
			outputPaths = (
				"$(DERIVED_FILE_DIR)/Pods-ImageViewerTests-checkManifestLockResult.txt",
			);
			runOnlyForDeploymentPostprocessing = 0;
			shellPath = /bin/sh;
			shellScript = "diff \"${PODS_PODFILE_DIR_PATH}/Podfile.lock\" \"${PODS_ROOT}/Manifest.lock\" > /dev/null\nif [ $? != 0 ] ; then\n    # print error to STDERR\n    echo \"error: The sandbox is not in sync with the Podfile.lock. Run 'pod install' or update your CocoaPods installation.\" >&2\n    exit 1\nfi\n# This output is used by Xcode 'outputs' to avoid re-running this script phase.\necho \"SUCCESS\" > \"${SCRIPT_OUTPUT_FILE_0}\"\n";
			showEnvVarsInLog = 0;
		};
		7755A4F6A33712C9F06A9519 /* [CP] Embed Pods Frameworks */ = {
			isa = PBXShellScriptBuildPhase;
			buildActionMask = 2147483647;
			files = (
			);
			inputFileListPaths = (
				"${PODS_ROOT}/Target Support Files/Pods-ImageViewerTests/Pods-ImageViewerTests-frameworks-${CONFIGURATION}-input-files.xcfilelist",
			);
			name = "[CP] Embed Pods Frameworks";
			outputFileListPaths = (
				"${PODS_ROOT}/Target Support Files/Pods-ImageViewerTests/Pods-ImageViewerTests-frameworks-${CONFIGURATION}-output-files.xcfilelist",
			);
			runOnlyForDeploymentPostprocessing = 0;
			shellPath = /bin/sh;
			shellScript = "\"${PODS_ROOT}/Target Support Files/Pods-ImageViewerTests/Pods-ImageViewerTests-frameworks.sh\"\n";
			showEnvVarsInLog = 0;
		};
		8EE856523CA551E9071F2295 /* [CP] Check Pods Manifest.lock */ = {
			isa = PBXShellScriptBuildPhase;
			buildActionMask = 2147483647;
			files = (
			);
			inputFileListPaths = (
			);
			inputPaths = (
				"${PODS_PODFILE_DIR_PATH}/Podfile.lock",
				"${PODS_ROOT}/Manifest.lock",
			);
			name = "[CP] Check Pods Manifest.lock";
			outputFileListPaths = (
			);
			outputPaths = (
				"$(DERIVED_FILE_DIR)/Pods-ImageViewer-ImageViewerUITests-checkManifestLockResult.txt",
			);
			runOnlyForDeploymentPostprocessing = 0;
			shellPath = /bin/sh;
			shellScript = "diff \"${PODS_PODFILE_DIR_PATH}/Podfile.lock\" \"${PODS_ROOT}/Manifest.lock\" > /dev/null\nif [ $? != 0 ] ; then\n    # print error to STDERR\n    echo \"error: The sandbox is not in sync with the Podfile.lock. Run 'pod install' or update your CocoaPods installation.\" >&2\n    exit 1\nfi\n# This output is used by Xcode 'outputs' to avoid re-running this script phase.\necho \"SUCCESS\" > \"${SCRIPT_OUTPUT_FILE_0}\"\n";
			showEnvVarsInLog = 0;
		};
		CC003B6814CE78A8918EC65B /* [CP] Check Pods Manifest.lock */ = {
			isa = PBXShellScriptBuildPhase;
			buildActionMask = 2147483647;
			files = (
			);
			inputFileListPaths = (
			);
			inputPaths = (
				"${PODS_PODFILE_DIR_PATH}/Podfile.lock",
				"${PODS_ROOT}/Manifest.lock",
			);
			name = "[CP] Check Pods Manifest.lock";
			outputFileListPaths = (
			);
			outputPaths = (
				"$(DERIVED_FILE_DIR)/Pods-ImageViewer-checkManifestLockResult.txt",
			);
			runOnlyForDeploymentPostprocessing = 0;
			shellPath = /bin/sh;
			shellScript = "diff \"${PODS_PODFILE_DIR_PATH}/Podfile.lock\" \"${PODS_ROOT}/Manifest.lock\" > /dev/null\nif [ $? != 0 ] ; then\n    # print error to STDERR\n    echo \"error: The sandbox is not in sync with the Podfile.lock. Run 'pod install' or update your CocoaPods installation.\" >&2\n    exit 1\nfi\n# This output is used by Xcode 'outputs' to avoid re-running this script phase.\necho \"SUCCESS\" > \"${SCRIPT_OUTPUT_FILE_0}\"\n";
			showEnvVarsInLog = 0;
		};
		EA1EF02958B682B521DB45E4 /* [CP] Embed Pods Frameworks */ = {
			isa = PBXShellScriptBuildPhase;
			buildActionMask = 2147483647;
			files = (
			);
			inputFileListPaths = (
				"${PODS_ROOT}/Target Support Files/Pods-ImageViewer-ImageViewerUITests/Pods-ImageViewer-ImageViewerUITests-frameworks-${CONFIGURATION}-input-files.xcfilelist",
			);
			name = "[CP] Embed Pods Frameworks";
			outputFileListPaths = (
				"${PODS_ROOT}/Target Support Files/Pods-ImageViewer-ImageViewerUITests/Pods-ImageViewer-ImageViewerUITests-frameworks-${CONFIGURATION}-output-files.xcfilelist",
			);
			runOnlyForDeploymentPostprocessing = 0;
			shellPath = /bin/sh;
			shellScript = "\"${PODS_ROOT}/Target Support Files/Pods-ImageViewer-ImageViewerUITests/Pods-ImageViewer-ImageViewerUITests-frameworks.sh\"\n";
			showEnvVarsInLog = 0;
		};
/* End PBXShellScriptBuildPhase section */

/* Begin PBXSourcesBuildPhase section */
		9619C34623703BE70001BFD2 /* Sources */ = {
			isa = PBXSourcesBuildPhase;
			buildActionMask = 2147483647;
			files = (
				966C2B1423704AB0009BBE65 /* MainCollectionViewController.swift in Sources */,
				9619C34E23703BE70001BFD2 /* AppDelegate.swift in Sources */,
				9619C35023703BE70001BFD2 /* SceneDelegate.swift in Sources */,
				966C2B122370478D009BBE65 /* Extensions.swift in Sources */,
			);
			runOnlyForDeploymentPostprocessing = 0;
		};
		9619C35C23703BE90001BFD2 /* Sources */ = {
			isa = PBXSourcesBuildPhase;
			buildActionMask = 2147483647;
			files = (
				9619C36523703BE90001BFD2 /* ImageViewerTests.swift in Sources */,
			);
			runOnlyForDeploymentPostprocessing = 0;
		};
		9619C36723703BE90001BFD2 /* Sources */ = {
			isa = PBXSourcesBuildPhase;
			buildActionMask = 2147483647;
			files = (
				9619C37023703BE90001BFD2 /* ImageViewerUITests.swift in Sources */,
			);
			runOnlyForDeploymentPostprocessing = 0;
		};
/* End PBXSourcesBuildPhase section */

/* Begin PBXTargetDependency section */
		9619C36223703BE90001BFD2 /* PBXTargetDependency */ = {
			isa = PBXTargetDependency;
			target = 9619C34923703BE70001BFD2 /* ImageViewer */;
			targetProxy = 9619C36123703BE90001BFD2 /* PBXContainerItemProxy */;
		};
		9619C36D23703BE90001BFD2 /* PBXTargetDependency */ = {
			isa = PBXTargetDependency;
			target = 9619C34923703BE70001BFD2 /* ImageViewer */;
			targetProxy = 9619C36C23703BE90001BFD2 /* PBXContainerItemProxy */;
		};
/* End PBXTargetDependency section */

/* Begin PBXVariantGroup section */
		9619C35823703BE90001BFD2 /* LaunchScreen.storyboard */ = {
			isa = PBXVariantGroup;
			children = (
				9619C35923703BE90001BFD2 /* Base */,
			);
			name = LaunchScreen.storyboard;
			sourceTree = "<group>";
		};
/* End PBXVariantGroup section */

/* Begin XCBuildConfiguration section */
		9619C37223703BE90001BFD2 /* Debug */ = {
			isa = XCBuildConfiguration;
			buildSettings = {
				ALWAYS_SEARCH_USER_PATHS = NO;
				CLANG_ANALYZER_NONNULL = YES;
				CLANG_ANALYZER_NUMBER_OBJECT_CONVERSION = YES_AGGRESSIVE;
				CLANG_CXX_LANGUAGE_STANDARD = "gnu++14";
				CLANG_CXX_LIBRARY = "libc++";
				CLANG_ENABLE_MODULES = YES;
				CLANG_ENABLE_OBJC_ARC = YES;
				CLANG_ENABLE_OBJC_WEAK = YES;
				CLANG_WARN_BLOCK_CAPTURE_AUTORELEASING = YES;
				CLANG_WARN_BOOL_CONVERSION = YES;
				CLANG_WARN_COMMA = YES;
				CLANG_WARN_CONSTANT_CONVERSION = YES;
				CLANG_WARN_DEPRECATED_OBJC_IMPLEMENTATIONS = YES;
				CLANG_WARN_DIRECT_OBJC_ISA_USAGE = YES_ERROR;
				CLANG_WARN_DOCUMENTATION_COMMENTS = YES;
				CLANG_WARN_EMPTY_BODY = YES;
				CLANG_WARN_ENUM_CONVERSION = YES;
				CLANG_WARN_INFINITE_RECURSION = YES;
				CLANG_WARN_INT_CONVERSION = YES;
				CLANG_WARN_NON_LITERAL_NULL_CONVERSION = YES;
				CLANG_WARN_OBJC_IMPLICIT_RETAIN_SELF = YES;
				CLANG_WARN_OBJC_LITERAL_CONVERSION = YES;
				CLANG_WARN_OBJC_ROOT_CLASS = YES_ERROR;
				CLANG_WARN_RANGE_LOOP_ANALYSIS = YES;
				CLANG_WARN_STRICT_PROTOTYPES = YES;
				CLANG_WARN_SUSPICIOUS_MOVE = YES;
				CLANG_WARN_UNGUARDED_AVAILABILITY = YES_AGGRESSIVE;
				CLANG_WARN_UNREACHABLE_CODE = YES;
				CLANG_WARN__DUPLICATE_METHOD_MATCH = YES;
				COPY_PHASE_STRIP = NO;
				DEBUG_INFORMATION_FORMAT = dwarf;
				ENABLE_STRICT_OBJC_MSGSEND = YES;
				ENABLE_TESTABILITY = YES;
				GCC_C_LANGUAGE_STANDARD = gnu11;
				GCC_DYNAMIC_NO_PIC = NO;
				GCC_NO_COMMON_BLOCKS = YES;
				GCC_OPTIMIZATION_LEVEL = 0;
				GCC_PREPROCESSOR_DEFINITIONS = (
					"DEBUG=1",
					"$(inherited)",
				);
				GCC_WARN_64_TO_32_BIT_CONVERSION = YES;
				GCC_WARN_ABOUT_RETURN_TYPE = YES_ERROR;
				GCC_WARN_UNDECLARED_SELECTOR = YES;
				GCC_WARN_UNINITIALIZED_AUTOS = YES_AGGRESSIVE;
				GCC_WARN_UNUSED_FUNCTION = YES;
				GCC_WARN_UNUSED_VARIABLE = YES;
				IPHONEOS_DEPLOYMENT_TARGET = 13.1;
				MTL_ENABLE_DEBUG_INFO = INCLUDE_SOURCE;
				MTL_FAST_MATH = YES;
				ONLY_ACTIVE_ARCH = YES;
				SDKROOT = iphoneos;
				SWIFT_ACTIVE_COMPILATION_CONDITIONS = DEBUG;
				SWIFT_OPTIMIZATION_LEVEL = "-Onone";
			};
			name = Debug;
		};
		9619C37323703BE90001BFD2 /* Release */ = {
			isa = XCBuildConfiguration;
			buildSettings = {
				ALWAYS_SEARCH_USER_PATHS = NO;
				CLANG_ANALYZER_NONNULL = YES;
				CLANG_ANALYZER_NUMBER_OBJECT_CONVERSION = YES_AGGRESSIVE;
				CLANG_CXX_LANGUAGE_STANDARD = "gnu++14";
				CLANG_CXX_LIBRARY = "libc++";
				CLANG_ENABLE_MODULES = YES;
				CLANG_ENABLE_OBJC_ARC = YES;
				CLANG_ENABLE_OBJC_WEAK = YES;
				CLANG_WARN_BLOCK_CAPTURE_AUTORELEASING = YES;
				CLANG_WARN_BOOL_CONVERSION = YES;
				CLANG_WARN_COMMA = YES;
				CLANG_WARN_CONSTANT_CONVERSION = YES;
				CLANG_WARN_DEPRECATED_OBJC_IMPLEMENTATIONS = YES;
				CLANG_WARN_DIRECT_OBJC_ISA_USAGE = YES_ERROR;
				CLANG_WARN_DOCUMENTATION_COMMENTS = YES;
				CLANG_WARN_EMPTY_BODY = YES;
				CLANG_WARN_ENUM_CONVERSION = YES;
				CLANG_WARN_INFINITE_RECURSION = YES;
				CLANG_WARN_INT_CONVERSION = YES;
				CLANG_WARN_NON_LITERAL_NULL_CONVERSION = YES;
				CLANG_WARN_OBJC_IMPLICIT_RETAIN_SELF = YES;
				CLANG_WARN_OBJC_LITERAL_CONVERSION = YES;
				CLANG_WARN_OBJC_ROOT_CLASS = YES_ERROR;
				CLANG_WARN_RANGE_LOOP_ANALYSIS = YES;
				CLANG_WARN_STRICT_PROTOTYPES = YES;
				CLANG_WARN_SUSPICIOUS_MOVE = YES;
				CLANG_WARN_UNGUARDED_AVAILABILITY = YES_AGGRESSIVE;
				CLANG_WARN_UNREACHABLE_CODE = YES;
				CLANG_WARN__DUPLICATE_METHOD_MATCH = YES;
				COPY_PHASE_STRIP = NO;
				DEBUG_INFORMATION_FORMAT = "dwarf-with-dsym";
				ENABLE_NS_ASSERTIONS = NO;
				ENABLE_STRICT_OBJC_MSGSEND = YES;
				GCC_C_LANGUAGE_STANDARD = gnu11;
				GCC_NO_COMMON_BLOCKS = YES;
				GCC_WARN_64_TO_32_BIT_CONVERSION = YES;
				GCC_WARN_ABOUT_RETURN_TYPE = YES_ERROR;
				GCC_WARN_UNDECLARED_SELECTOR = YES;
				GCC_WARN_UNINITIALIZED_AUTOS = YES_AGGRESSIVE;
				GCC_WARN_UNUSED_FUNCTION = YES;
				GCC_WARN_UNUSED_VARIABLE = YES;
				IPHONEOS_DEPLOYMENT_TARGET = 13.1;
				MTL_ENABLE_DEBUG_INFO = NO;
				MTL_FAST_MATH = YES;
				SDKROOT = iphoneos;
				SWIFT_COMPILATION_MODE = wholemodule;
				SWIFT_OPTIMIZATION_LEVEL = "-O";
				VALIDATE_PRODUCT = YES;
			};
			name = Release;
		};
		9619C37523703BE90001BFD2 /* Debug */ = {
			isa = XCBuildConfiguration;
			baseConfigurationReference = DB6149F45691F3945ED8AE48 /* Pods-ImageViewer.debug.xcconfig */;
			buildSettings = {
				ASSETCATALOG_COMPILER_APPICON_NAME = AppIcon;
				CODE_SIGN_STYLE = Automatic;
				DEVELOPMENT_TEAM = 8R2R7DC8PP;
				INFOPLIST_FILE = ImageViewer/Info.plist;
				LD_RUNPATH_SEARCH_PATHS = (
					"$(inherited)",
					"@executable_path/Frameworks",
				);
				PRODUCT_BUNDLE_IDENTIFIER = net.bulamu.ImageViewer;
				PRODUCT_NAME = "$(TARGET_NAME)";
				SWIFT_VERSION = 5.0;
				TARGETED_DEVICE_FAMILY = "1,2";
			};
			name = Debug;
		};
		9619C37623703BE90001BFD2 /* Release */ = {
			isa = XCBuildConfiguration;
			baseConfigurationReference = 531C261BB1C13A53B91289A0 /* Pods-ImageViewer.release.xcconfig */;
			buildSettings = {
				ASSETCATALOG_COMPILER_APPICON_NAME = AppIcon;
				CODE_SIGN_STYLE = Automatic;
				DEVELOPMENT_TEAM = 8R2R7DC8PP;
				INFOPLIST_FILE = ImageViewer/Info.plist;
				LD_RUNPATH_SEARCH_PATHS = (
					"$(inherited)",
					"@executable_path/Frameworks",
				);
				PRODUCT_BUNDLE_IDENTIFIER = net.bulamu.ImageViewer;
				PRODUCT_NAME = "$(TARGET_NAME)";
				SWIFT_VERSION = 5.0;
				TARGETED_DEVICE_FAMILY = "1,2";
			};
			name = Release;
		};
		9619C37823703BE90001BFD2 /* Debug */ = {
			isa = XCBuildConfiguration;
			baseConfigurationReference = 0BE459D8D2A1E6968405266B /* Pods-ImageViewerTests.debug.xcconfig */;
			buildSettings = {
				ALWAYS_EMBED_SWIFT_STANDARD_LIBRARIES = YES;
				BUNDLE_LOADER = "$(TEST_HOST)";
				CODE_SIGN_STYLE = Automatic;
				DEVELOPMENT_TEAM = 8R2R7DC8PP;
				INFOPLIST_FILE = ImageViewerTests/Info.plist;
				IPHONEOS_DEPLOYMENT_TARGET = 13.1;
				LD_RUNPATH_SEARCH_PATHS = (
					"$(inherited)",
					"@executable_path/Frameworks",
					"@loader_path/Frameworks",
				);
				PRODUCT_BUNDLE_IDENTIFIER = net.bulamu.ImageViewerTests;
				PRODUCT_NAME = "$(TARGET_NAME)";
				SWIFT_VERSION = 5.0;
				TARGETED_DEVICE_FAMILY = "1,2";
				TEST_HOST = "$(BUILT_PRODUCTS_DIR)/ImageViewer.app/ImageViewer";
			};
			name = Debug;
		};
		9619C37923703BE90001BFD2 /* Release */ = {
			isa = XCBuildConfiguration;
			baseConfigurationReference = 0CB076CAEA7CC3104CFEAE81 /* Pods-ImageViewerTests.release.xcconfig */;
			buildSettings = {
				ALWAYS_EMBED_SWIFT_STANDARD_LIBRARIES = YES;
				BUNDLE_LOADER = "$(TEST_HOST)";
				CODE_SIGN_STYLE = Automatic;
				DEVELOPMENT_TEAM = 8R2R7DC8PP;
				INFOPLIST_FILE = ImageViewerTests/Info.plist;
				IPHONEOS_DEPLOYMENT_TARGET = 13.1;
				LD_RUNPATH_SEARCH_PATHS = (
					"$(inherited)",
					"@executable_path/Frameworks",
					"@loader_path/Frameworks",
				);
				PRODUCT_BUNDLE_IDENTIFIER = net.bulamu.ImageViewerTests;
				PRODUCT_NAME = "$(TARGET_NAME)";
				SWIFT_VERSION = 5.0;
				TARGETED_DEVICE_FAMILY = "1,2";
				TEST_HOST = "$(BUILT_PRODUCTS_DIR)/ImageViewer.app/ImageViewer";
			};
			name = Release;
		};
		9619C37B23703BE90001BFD2 /* Debug */ = {
			isa = XCBuildConfiguration;
			baseConfigurationReference = 34949B1BB281689ECBD4486B /* Pods-ImageViewer-ImageViewerUITests.debug.xcconfig */;
			buildSettings = {
				ALWAYS_EMBED_SWIFT_STANDARD_LIBRARIES = YES;
				CODE_SIGN_STYLE = Automatic;
				DEVELOPMENT_TEAM = 8R2R7DC8PP;
				INFOPLIST_FILE = ImageViewerUITests/Info.plist;
				LD_RUNPATH_SEARCH_PATHS = (
					"$(inherited)",
					"@executable_path/Frameworks",
					"@loader_path/Frameworks",
				);
				PRODUCT_BUNDLE_IDENTIFIER = net.bulamu.ImageViewerUITests;
				PRODUCT_NAME = "$(TARGET_NAME)";
				SWIFT_VERSION = 5.0;
				TARGETED_DEVICE_FAMILY = "1,2";
				TEST_TARGET_NAME = ImageViewer;
			};
			name = Debug;
		};
		9619C37C23703BE90001BFD2 /* Release */ = {
			isa = XCBuildConfiguration;
			baseConfigurationReference = 2F3A05CB24B04EAFDEEF151F /* Pods-ImageViewer-ImageViewerUITests.release.xcconfig */;
			buildSettings = {
				ALWAYS_EMBED_SWIFT_STANDARD_LIBRARIES = YES;
				CODE_SIGN_STYLE = Automatic;
				DEVELOPMENT_TEAM = 8R2R7DC8PP;
				INFOPLIST_FILE = ImageViewerUITests/Info.plist;
				LD_RUNPATH_SEARCH_PATHS = (
					"$(inherited)",
					"@executable_path/Frameworks",
					"@loader_path/Frameworks",
				);
				PRODUCT_BUNDLE_IDENTIFIER = net.bulamu.ImageViewerUITests;
				PRODUCT_NAME = "$(TARGET_NAME)";
				SWIFT_VERSION = 5.0;
				TARGETED_DEVICE_FAMILY = "1,2";
				TEST_TARGET_NAME = ImageViewer;
			};
			name = Release;
		};
/* End XCBuildConfiguration section */

/* Begin XCConfigurationList section */
		9619C34523703BE70001BFD2 /* Build configuration list for PBXProject "ImageViewer" */ = {
			isa = XCConfigurationList;
			buildConfigurations = (
				9619C37223703BE90001BFD2 /* Debug */,
				9619C37323703BE90001BFD2 /* Release */,
			);
			defaultConfigurationIsVisible = 0;
			defaultConfigurationName = Release;
		};
		9619C37423703BE90001BFD2 /* Build configuration list for PBXNativeTarget "ImageViewer" */ = {
			isa = XCConfigurationList;
			buildConfigurations = (
				9619C37523703BE90001BFD2 /* Debug */,
				9619C37623703BE90001BFD2 /* Release */,
			);
			defaultConfigurationIsVisible = 0;
			defaultConfigurationName = Release;
		};
		9619C37723703BE90001BFD2 /* Build configuration list for PBXNativeTarget "ImageViewerTests" */ = {
			isa = XCConfigurationList;
			buildConfigurations = (
				9619C37823703BE90001BFD2 /* Debug */,
				9619C37923703BE90001BFD2 /* Release */,
			);
			defaultConfigurationIsVisible = 0;
			defaultConfigurationName = Release;
		};
		9619C37A23703BE90001BFD2 /* Build configuration list for PBXNativeTarget "ImageViewerUITests" */ = {
			isa = XCConfigurationList;
			buildConfigurations = (
				9619C37B23703BE90001BFD2 /* Debug */,
				9619C37C23703BE90001BFD2 /* Release */,
			);
			defaultConfigurationIsVisible = 0;
			defaultConfigurationName = Release;
		};
/* End XCConfigurationList section */
	};
	rootObject = 9619C34223703BE70001BFD2 /* Project object */;
}
